
Microsoft Visual Studio Solution File, Format Version 12.00
# Visual Studio Version 17
VisualStudioVersion = 17.7.34202.233
MinimumVisualStudioVersion = 10.0.40219.1
Project("{FAE04EC0-301F-11D3-BF4B-00C04F79EFBC}") = "HomeWorkPolymorphism, Abstraction, Abstract, Interface", "HomeWorkPolymorphism, Abstraction, Abstract, Interface\HomeWorkPolymorphism, Abstraction, Abstract, Interface.csproj", "{816ECEE1-A0F8-4A8C-817D-DF2D1A6E66CB}"
EndProject
Global
	GlobalSection(SolutionConfigurationPlatforms) = preSolution
		Debug|Any CPU = Debug|Any CPU
		Release|Any CPU = Release|Any CPU
	EndGlobalSection
	GlobalSection(ProjectConfigurationPlatforms) = postSolution
		{816ECEE1-A0F8-4A8C-817D-DF2D1A6E66CB}.Debug|Any CPU.ActiveCfg = Debug|Any CPU
		{816ECEE1-A0F8-4A8C-817D-DF2D1A6E66CB}.Debug|Any CPU.Build.0 = Debug|Any CPU
		{816ECEE1-A0F8-4A8C-817D-DF2D1A6E66CB}.Release|Any CPU.ActiveCfg = Release|Any CPU
		{816ECEE1-A0F8-4A8C-817D-DF2D1A6E66CB}.Release|Any CPU.Build.0 = Release|Any CPU
	EndGlobalSection
	GlobalSection(SolutionProperties) = preSolution
		HideSolutionNode = FALSE
	EndGlobalSection
	GlobalSection(ExtensibilityGlobals) = postSolution
		SolutionGuid = {8BC7C804-B94A-401D-9B39-9044090AC637}
	EndGlobalSection
EndGlobal
